
Microsoft Visual Studio Solution File, Format Version 12.00
# Visual Studio Version 17
VisualStudioVersion = 17.9.34728.123
MinimumVisualStudioVersion = 10.0.40219.1
Project("{FAE04EC0-301F-11D3-BF4B-00C04F79EFBC}") = "AvaloniaUITodoListApp", "AvaloniaUITodoListApp.csproj", "{6763518D-BA3C-4040-BF3A-FBECFBC6ADDE}"
EndProject
Global
	GlobalSection(SolutionConfigurationPlatforms) = preSolution
		Debug|Any CPU = Debug|Any CPU
		Release|Any CPU = Release|Any CPU
	EndGlobalSection
	GlobalSection(ProjectConfigurationPlatforms) = postSolution
		{6763518D-BA3C-4040-BF3A-FBECFBC6ADDE}.Debug|Any CPU.ActiveCfg = Debug|Any CPU
		{6763518D-BA3C-4040-BF3A-FBECFBC6ADDE}.Debug|Any CPU.Build.0 = Debug|Any CPU
		{6763518D-BA3C-4040-BF3A-FBECFBC6ADDE}.Release|Any CPU.ActiveCfg = Release|Any CPU
		{6763518D-BA3C-4040-BF3A-FBECFBC6ADDE}.Release|Any CPU.Build.0 = Release|Any CPU
	EndGlobalSection
	GlobalSection(SolutionProperties) = preSolution
		HideSolutionNode = FALSE
	EndGlobalSection
	GlobalSection(ExtensibilityGlobals) = postSolution
		SolutionGuid = {051ED445-63E0-4070-995A-CA1A58CF9536}
	EndGlobalSection
EndGlobal
